
Microsoft Visual Studio Solution File, Format Version 12.00
# Visual Studio Version 17
VisualStudioVersion = 17.11.35312.102
MinimumVisualStudioVersion = 10.0.40219.1
Project("{8BC9CEB8-8B4A-11D0-8D11-00A0C91BC942}") = "GetBacklogSize_Client", "GetBacklogSize_Client\GetBacklogSize_Client.vcxproj", "{233D97D6-92EC-4329-9FFC-A90EC9FD7614}"
EndProject
Global
	GlobalSection(SolutionConfigurationPlatforms) = preSolution
		Debug|x64 = Debug|x64
		Debug|x86 = Debug|x86
		Release|x64 = Release|x64
		Release|x86 = Release|x86
	EndGlobalSection
	GlobalSection(ProjectConfigurationPlatforms) = postSolution
		{233D97D6-92EC-4329-9FFC-A90EC9FD7614}.Debug|x64.ActiveCfg = Debug|x64
		{233D97D6-92EC-4329-9FFC-A90EC9FD7614}.Debug|x64.Build.0 = Debug|x64
		{233D97D6-92EC-4329-9FFC-A90EC9FD7614}.Debug|x86.ActiveCfg = Debug|Win32
		{233D97D6-92EC-4329-9FFC-A90EC9FD7614}.Debug|x86.Build.0 = Debug|Win32
		{233D97D6-92EC-4329-9FFC-A90EC9FD7614}.Release|x64.ActiveCfg = Release|x64
		{233D97D6-92EC-4329-9FFC-A90EC9FD7614}.Release|x64.Build.0 = Release|x64
		{233D97D6-92EC-4329-9FFC-A90EC9FD7614}.Release|x86.ActiveCfg = Release|Win32
		{233D97D6-92EC-4329-9FFC-A90EC9FD7614}.Release|x86.Build.0 = Release|Win32
	EndGlobalSection
	GlobalSection(SolutionProperties) = preSolution
		HideSolutionNode = FALSE
	EndGlobalSection
	GlobalSection(ExtensibilityGlobals) = postSolution
		SolutionGuid = {218148A7-AF1D-4813-88A5-9FDA41DADA5F}
	EndGlobalSection
EndGlobal
